
Microsoft Visual Studio Solution File, Format Version 11.00
# Visual Studio 2010
Project("{FAE04EC0-301F-11D3-BF4B-00C04F79EFBC}") = "Ini4Mf", "Ini4Mf\Ini4Mf.csproj", "{2C9D4005-A125-4815-A31C-E6617608BCBB}"
EndProject
Project("{FAE04EC0-301F-11D3-BF4B-00C04F79EFBC}") = "Demo MF", "Demo MF\Demo MF.csproj", "{7F2F1FE4-CBF9-4DB0-909B-F45F5940C788}"
EndProject
Global
	GlobalSection(SolutionConfigurationPlatforms) = preSolution
		Debug|Any CPU = Debug|Any CPU
		Debug|Mixed Platforms = Debug|Mixed Platforms
		Debug|x86 = Debug|x86
		Release|Any CPU = Release|Any CPU
		Release|Mixed Platforms = Release|Mixed Platforms
		Release|x86 = Release|x86
	EndGlobalSection
	GlobalSection(ProjectConfigurationPlatforms) = postSolution
		{5F07F09B-EA47-4488-9D1E-1B35EC88FBCD}.Debug|Any CPU.ActiveCfg = Debug|Any CPU
		{5F07F09B-EA47-4488-9D1E-1B35EC88FBCD}.Debug|Any CPU.Build.0 = Debug|Any CPU
		{5F07F09B-EA47-4488-9D1E-1B35EC88FBCD}.Debug|Mixed Platforms.ActiveCfg = Debug|Any CPU
		{5F07F09B-EA47-4488-9D1E-1B35EC88FBCD}.Debug|Mixed Platforms.Build.0 = Debug|Any CPU
		{5F07F09B-EA47-4488-9D1E-1B35EC88FBCD}.Debug|x86.ActiveCfg = Debug|Any CPU
		{5F07F09B-EA47-4488-9D1E-1B35EC88FBCD}.Release|Any CPU.ActiveCfg = Release|Any CPU
		{5F07F09B-EA47-4488-9D1E-1B35EC88FBCD}.Release|Any CPU.Build.0 = Release|Any CPU
		{5F07F09B-EA47-4488-9D1E-1B35EC88FBCD}.Release|Mixed Platforms.ActiveCfg = Release|Any CPU
		{5F07F09B-EA47-4488-9D1E-1B35EC88FBCD}.Release|Mixed Platforms.Build.0 = Release|Any CPU
		{5F07F09B-EA47-4488-9D1E-1B35EC88FBCD}.Release|x86.ActiveCfg = Release|Any CPU
		{6E492806-89DB-4E5E-B62C-24076DC0A5C5}.Debug|Any CPU.ActiveCfg = Debug|x86
		{6E492806-89DB-4E5E-B62C-24076DC0A5C5}.Debug|Mixed Platforms.ActiveCfg = Debug|x86
		{6E492806-89DB-4E5E-B62C-24076DC0A5C5}.Debug|Mixed Platforms.Build.0 = Debug|x86
		{6E492806-89DB-4E5E-B62C-24076DC0A5C5}.Debug|x86.ActiveCfg = Debug|x86
		{6E492806-89DB-4E5E-B62C-24076DC0A5C5}.Debug|x86.Build.0 = Debug|x86
		{6E492806-89DB-4E5E-B62C-24076DC0A5C5}.Release|Any CPU.ActiveCfg = Release|x86
		{6E492806-89DB-4E5E-B62C-24076DC0A5C5}.Release|Mixed Platforms.ActiveCfg = Release|x86
		{6E492806-89DB-4E5E-B62C-24076DC0A5C5}.Release|Mixed Platforms.Build.0 = Release|x86
		{6E492806-89DB-4E5E-B62C-24076DC0A5C5}.Release|x86.ActiveCfg = Release|x86
		{6E492806-89DB-4E5E-B62C-24076DC0A5C5}.Release|x86.Build.0 = Release|x86
		{2C9D4005-A125-4815-A31C-E6617608BCBB}.Debug|Any CPU.ActiveCfg = Debug|Any CPU
		{2C9D4005-A125-4815-A31C-E6617608BCBB}.Debug|Any CPU.Build.0 = Debug|Any CPU
		{2C9D4005-A125-4815-A31C-E6617608BCBB}.Debug|Mixed Platforms.ActiveCfg = Debug|Any CPU
		{2C9D4005-A125-4815-A31C-E6617608BCBB}.Debug|Mixed Platforms.Build.0 = Debug|Any CPU
		{2C9D4005-A125-4815-A31C-E6617608BCBB}.Debug|x86.ActiveCfg = Debug|Any CPU
		{2C9D4005-A125-4815-A31C-E6617608BCBB}.Release|Any CPU.ActiveCfg = Release|Any CPU
		{2C9D4005-A125-4815-A31C-E6617608BCBB}.Release|Any CPU.Build.0 = Release|Any CPU
		{2C9D4005-A125-4815-A31C-E6617608BCBB}.Release|Mixed Platforms.ActiveCfg = Release|Any CPU
		{2C9D4005-A125-4815-A31C-E6617608BCBB}.Release|Mixed Platforms.Build.0 = Release|Any CPU
		{2C9D4005-A125-4815-A31C-E6617608BCBB}.Release|x86.ActiveCfg = Release|Any CPU
		{7F2F1FE4-CBF9-4DB0-909B-F45F5940C788}.Debug|Any CPU.ActiveCfg = Debug|Any CPU
		{7F2F1FE4-CBF9-4DB0-909B-F45F5940C788}.Debug|Any CPU.Build.0 = Debug|Any CPU
		{7F2F1FE4-CBF9-4DB0-909B-F45F5940C788}.Debug|Any CPU.Deploy.0 = Debug|Any CPU
		{7F2F1FE4-CBF9-4DB0-909B-F45F5940C788}.Debug|Mixed Platforms.ActiveCfg = Debug|Any CPU
		{7F2F1FE4-CBF9-4DB0-909B-F45F5940C788}.Debug|Mixed Platforms.Build.0 = Debug|Any CPU
		{7F2F1FE4-CBF9-4DB0-909B-F45F5940C788}.Debug|Mixed Platforms.Deploy.0 = Debug|Any CPU
		{7F2F1FE4-CBF9-4DB0-909B-F45F5940C788}.Debug|x86.ActiveCfg = Debug|Any CPU
		{7F2F1FE4-CBF9-4DB0-909B-F45F5940C788}.Release|Any CPU.ActiveCfg = Release|Any CPU
		{7F2F1FE4-CBF9-4DB0-909B-F45F5940C788}.Release|Any CPU.Build.0 = Release|Any CPU
		{7F2F1FE4-CBF9-4DB0-909B-F45F5940C788}.Release|Any CPU.Deploy.0 = Release|Any CPU
		{7F2F1FE4-CBF9-4DB0-909B-F45F5940C788}.Release|Mixed Platforms.ActiveCfg = Release|Any CPU
		{7F2F1FE4-CBF9-4DB0-909B-F45F5940C788}.Release|Mixed Platforms.Build.0 = Release|Any CPU
		{7F2F1FE4-CBF9-4DB0-909B-F45F5940C788}.Release|Mixed Platforms.Deploy.0 = Release|Any CPU
		{7F2F1FE4-CBF9-4DB0-909B-F45F5940C788}.Release|x86.ActiveCfg = Release|Any CPU
	EndGlobalSection
	GlobalSection(SolutionProperties) = preSolution
		HideSolutionNode = FALSE
	EndGlobalSection
EndGlobal
